
Microsoft Visual Studio Solution File, Format Version 12.00
# Visual Studio Version 18
VisualStudioVersion = 18.2.11430.68 d18.0
MinimumVisualStudioVersion = 10.0.40219.1
Project("{FAE04EC0-301F-11D3-BF4B-00C04F79EFBC}") = "TrainningCenter", "TrainningCenter.csproj", "{AFEFF47B-14AA-4E36-9369-8C0F1CC5246E}"
EndProject
Project("{FAE04EC0-301F-11D3-BF4B-00C04F79EFBC}") = "TrainningCenter-DataAccessLayer", "..\TrainningCenter-DataAccessLayer\TrainningCenter-DataAccessLayer.csproj", "{D513EB7A-A9BB-4D50-A6DE-014ED6563890}"
EndProject
Project("{FAE04EC0-301F-11D3-BF4B-00C04F79EFBC}") = "TrainingCenter-BusinessLayer", "..\TrainingCenter-BusinessLayer\TrainingCenter-BusinessLayer.csproj", "{53E3682B-5F0E-4B0D-923A-6E927E971464}"
EndProject
Project("{FAE04EC0-301F-11D3-BF4B-00C04F79EFBC}") = "TrainningCenter-Entities", "..\TrainningCenter-Entities\TrainningCenter-Entities.csproj", "{CDC1A7E3-0238-4A92-ACEB-1A2A46C0871D}"
EndProject
Global
	GlobalSection(SolutionConfigurationPlatforms) = preSolution
		Debug|Any CPU = Debug|Any CPU
		Release|Any CPU = Release|Any CPU
	EndGlobalSection
	GlobalSection(ProjectConfigurationPlatforms) = postSolution
		{AFEFF47B-14AA-4E36-9369-8C0F1CC5246E}.Debug|Any CPU.ActiveCfg = Debug|Any CPU
		{AFEFF47B-14AA-4E36-9369-8C0F1CC5246E}.Debug|Any CPU.Build.0 = Debug|Any CPU
		{AFEFF47B-14AA-4E36-9369-8C0F1CC5246E}.Release|Any CPU.ActiveCfg = Release|Any CPU
		{AFEFF47B-14AA-4E36-9369-8C0F1CC5246E}.Release|Any CPU.Build.0 = Release|Any CPU
		{D513EB7A-A9BB-4D50-A6DE-014ED6563890}.Debug|Any CPU.ActiveCfg = Debug|Any CPU
		{D513EB7A-A9BB-4D50-A6DE-014ED6563890}.Debug|Any CPU.Build.0 = Debug|Any CPU
		{D513EB7A-A9BB-4D50-A6DE-014ED6563890}.Release|Any CPU.ActiveCfg = Release|Any CPU
		{D513EB7A-A9BB-4D50-A6DE-014ED6563890}.Release|Any CPU.Build.0 = Release|Any CPU
		{53E3682B-5F0E-4B0D-923A-6E927E971464}.Debug|Any CPU.ActiveCfg = Debug|Any CPU
		{53E3682B-5F0E-4B0D-923A-6E927E971464}.Debug|Any CPU.Build.0 = Debug|Any CPU
		{53E3682B-5F0E-4B0D-923A-6E927E971464}.Release|Any CPU.ActiveCfg = Release|Any CPU
		{53E3682B-5F0E-4B0D-923A-6E927E971464}.Release|Any CPU.Build.0 = Release|Any CPU
		{CDC1A7E3-0238-4A92-ACEB-1A2A46C0871D}.Debug|Any CPU.ActiveCfg = Debug|Any CPU
		{CDC1A7E3-0238-4A92-ACEB-1A2A46C0871D}.Debug|Any CPU.Build.0 = Debug|Any CPU
		{CDC1A7E3-0238-4A92-ACEB-1A2A46C0871D}.Release|Any CPU.ActiveCfg = Release|Any CPU
		{CDC1A7E3-0238-4A92-ACEB-1A2A46C0871D}.Release|Any CPU.Build.0 = Release|Any CPU
	EndGlobalSection
	GlobalSection(SolutionProperties) = preSolution
		HideSolutionNode = FALSE
	EndGlobalSection
	GlobalSection(ExtensibilityGlobals) = postSolution
		SolutionGuid = {F4A54279-0DD2-479F-BB4D-9FE289D20FFB}
	EndGlobalSection
EndGlobal
